// !$*UTF8*$!
{
	archiveVersion = 1;
	classes = {
	};
	objectVersion = 55;
	objects = {

/* Begin PBXBuildFile section */
		841E6D0828982B6800A47C76 /* AudioPlayer.swift in Sources */ = {isa = PBXBuildFile; fileRef = 841E6D0728982B6800A47C76 /* AudioPlayer.swift */; };
		84997BAD2897BA7F0037FA31 /* RestartApp_SwiftUIApp.swift in Sources */ = {isa = PBXBuildFile; fileRef = 84997BAC2897BA7F0037FA31 /* RestartApp_SwiftUIApp.swift */; };
		84997BAF2897BA7F0037FA31 /* ContentView.swift in Sources */ = {isa = PBXBuildFile; fileRef = 84997BAE2897BA7F0037FA31 /* ContentView.swift */; };
		84997BB12897BA820037FA31 /* Assets.xcassets in Resources */ = {isa = PBXBuildFile; fileRef = 84997BB02897BA820037FA31 /* Assets.xcassets */; };
		84997BB42897BA820037FA31 /* Preview Assets.xcassets in Resources */ = {isa = PBXBuildFile; fileRef = 84997BB32897BA820037FA31 /* Preview Assets.xcassets */; };
		84997BBC2897BC1B0037FA31 /* success.m4a in Resources */ = {isa = PBXBuildFile; fileRef = 84997BBA2897BC1B0037FA31 /* success.m4a */; };
		84997BBD2897BC1B0037FA31 /* chimeup.mp3 in Resources */ = {isa = PBXBuildFile; fileRef = 84997BBB2897BC1B0037FA31 /* chimeup.mp3 */; };
		84997BC42897BFDA0037FA31 /* OnBoardingView.swift in Sources */ = {isa = PBXBuildFile; fileRef = 84997BC32897BFDA0037FA31 /* OnBoardingView.swift */; };
		84997BC62897BFEF0037FA31 /* HomeView.swift in Sources */ = {isa = PBXBuildFile; fileRef = 84997BC52897BFEF0037FA31 /* HomeView.swift */; };
		84997BC8289802340037FA31 /* CircleGroupView.swift in Sources */ = {isa = PBXBuildFile; fileRef = 84997BC7289802340037FA31 /* CircleGroupView.swift */; };
/* End PBXBuildFile section */

/* Begin PBXFileReference section */
		841E6D0728982B6800A47C76 /* AudioPlayer.swift */ = {isa = PBXFileReference; lastKnownFileType = sourcecode.swift; path = AudioPlayer.swift; sourceTree = "<group>"; };
		84997BA92897BA7F0037FA31 /* RestartApp-SwiftUI.app */ = {isa = PBXFileReference; explicitFileType = wrapper.application; includeInIndex = 0; path = "RestartApp-SwiftUI.app"; sourceTree = BUILT_PRODUCTS_DIR; };
		84997BAC2897BA7F0037FA31 /* RestartApp_SwiftUIApp.swift */ = {isa = PBXFileReference; lastKnownFileType = sourcecode.swift; path = RestartApp_SwiftUIApp.swift; sourceTree = "<group>"; };
		84997BAE2897BA7F0037FA31 /* ContentView.swift */ = {isa = PBXFileReference; lastKnownFileType = sourcecode.swift; path = ContentView.swift; sourceTree = "<group>"; };
		84997BB02897BA820037FA31 /* Assets.xcassets */ = {isa = PBXFileReference; lastKnownFileType = folder.assetcatalog; path = Assets.xcassets; sourceTree = "<group>"; };
		84997BB32897BA820037FA31 /* Preview Assets.xcassets */ = {isa = PBXFileReference; lastKnownFileType = folder.assetcatalog; path = "Preview Assets.xcassets"; sourceTree = "<group>"; };
		84997BBA2897BC1B0037FA31 /* success.m4a */ = {isa = PBXFileReference; lastKnownFileType = file; path = success.m4a; sourceTree = "<group>"; };
		84997BBB2897BC1B0037FA31 /* chimeup.mp3 */ = {isa = PBXFileReference; lastKnownFileType = audio.mp3; path = chimeup.mp3; sourceTree = "<group>"; };
		84997BC22897BF5B0037FA31 /* Info.plist */ = {isa = PBXFileReference; lastKnownFileType = text.plist; path = Info.plist; sourceTree = "<group>"; };
		84997BC32897BFDA0037FA31 /* OnBoardingView.swift */ = {isa = PBXFileReference; lastKnownFileType = sourcecode.swift; path = OnBoardingView.swift; sourceTree = "<group>"; };
		84997BC52897BFEF0037FA31 /* HomeView.swift */ = {isa = PBXFileReference; lastKnownFileType = sourcecode.swift; path = HomeView.swift; sourceTree = "<group>"; };
		84997BC7289802340037FA31 /* CircleGroupView.swift */ = {isa = PBXFileReference; lastKnownFileType = sourcecode.swift; path = CircleGroupView.swift; sourceTree = "<group>"; };
/* End PBXFileReference section */

/* Begin PBXFrameworksBuildPhase section */
		84997BA62897BA7F0037FA31 /* Frameworks */ = {
			isa = PBXFrameworksBuildPhase;
			buildActionMask = 2147483647;
			files = (
			);
			runOnlyForDeploymentPostprocessing = 0;
		};
/* End PBXFrameworksBuildPhase section */

/* Begin PBXGroup section */
		84997BA02897BA7E0037FA31 = {
			isa = PBXGroup;
			children = (
				84997BAB2897BA7F0037FA31 /* RestartApp-SwiftUI */,
				84997BAA2897BA7F0037FA31 /* Products */,
			);
			sourceTree = "<group>";
		};
		84997BAA2897BA7F0037FA31 /* Products */ = {
			isa = PBXGroup;
			children = (
				84997BA92897BA7F0037FA31 /* RestartApp-SwiftUI.app */,
			);
			name = Products;
			sourceTree = "<group>";
		};
		84997BAB2897BA7F0037FA31 /* RestartApp-SwiftUI */ = {
			isa = PBXGroup;
			children = (
				84997BC22897BF5B0037FA31 /* Info.plist */,
				84997BC12897BD4C0037FA31 /* Utilities */,
				84997BC02897BD420037FA31 /* Views */,
				84997BBE2897BC290037FA31 /* Sounds */,
				84997BAC2897BA7F0037FA31 /* RestartApp_SwiftUIApp.swift */,
				84997BBF2897BD2D0037FA31 /* Screens */,
				84997BB02897BA820037FA31 /* Assets.xcassets */,
				84997BB22897BA820037FA31 /* Preview Content */,
			);
			path = "RestartApp-SwiftUI";
			sourceTree = "<group>";
		};
		84997BB22897BA820037FA31 /* Preview Content */ = {
			isa = PBXGroup;
			children = (
				84997BB32897BA820037FA31 /* Preview Assets.xcassets */,
			);
			path = "Preview Content";
			sourceTree = "<group>";
		};
		84997BBE2897BC290037FA31 /* Sounds */ = {
			isa = PBXGroup;
			children = (
				84997BBB2897BC1B0037FA31 /* chimeup.mp3 */,
				84997BBA2897BC1B0037FA31 /* success.m4a */,
			);
			path = Sounds;
			sourceTree = "<group>";
		};
		84997BBF2897BD2D0037FA31 /* Screens */ = {
			isa = PBXGroup;
			children = (
				84997BAE2897BA7F0037FA31 /* ContentView.swift */,
				84997BC32897BFDA0037FA31 /* OnBoardingView.swift */,
				84997BC52897BFEF0037FA31 /* HomeView.swift */,
			);
			path = Screens;
			sourceTree = "<group>";
		};
		84997BC02897BD420037FA31 /* Views */ = {
			isa = PBXGroup;
			children = (
				84997BC7289802340037FA31 /* CircleGroupView.swift */,
			);
			path = Views;
			sourceTree = "<group>";
		};
		84997BC12897BD4C0037FA31 /* Utilities */ = {
			isa = PBXGroup;
			children = (
				841E6D0728982B6800A47C76 /* AudioPlayer.swift */,
			);
			path = Utilities;
			sourceTree = "<group>";
		};
/* End PBXGroup section */

/* Begin PBXNativeTarget section */
		84997BA82897BA7F0037FA31 /* RestartApp-SwiftUI */ = {
			isa = PBXNativeTarget;
			buildConfigurationList = 84997BB72897BA820037FA31 /* Build configuration list for PBXNativeTarget "RestartApp-SwiftUI" */;
			buildPhases = (
				84997BA52897BA7F0037FA31 /* Sources */,
				84997BA62897BA7F0037FA31 /* Frameworks */,
				84997BA72897BA7F0037FA31 /* Resources */,
			);
			buildRules = (
			);
			dependencies = (
			);
			name = "RestartApp-SwiftUI";
			productName = "RestartApp-SwiftUI";
			productReference = 84997BA92897BA7F0037FA31 /* RestartApp-SwiftUI.app */;
			productType = "com.apple.product-type.application";
		};
/* End PBXNativeTarget section */

/* Begin PBXProject section */
		84997BA12897BA7E0037FA31 /* Project object */ = {
			isa = PBXProject;
			attributes = {
				BuildIndependentTargetsInParallel = 1;
				LastSwiftUpdateCheck = 1340;
				LastUpgradeCheck = 1340;
				TargetAttributes = {
					84997BA82897BA7F0037FA31 = {
						CreatedOnToolsVersion = 13.4.1;
					};
				};
			};
			buildConfigurationList = 84997BA42897BA7F0037FA31 /* Build configuration list for PBXProject "RestartApp-SwiftUI" */;
			compatibilityVersion = "Xcode 13.0";
			developmentRegion = en;
			hasScannedForEncodings = 0;
			knownRegions = (
				en,
				Base,
			);
			mainGroup = 84997BA02897BA7E0037FA31;
			productRefGroup = 84997BAA2897BA7F0037FA31 /* Products */;
			projectDirPath = "";
			projectRoot = "";
			targets = (
				84997BA82897BA7F0037FA31 /* RestartApp-SwiftUI */,
			);
		};
/* End PBXProject section */

/* Begin PBXResourcesBuildPhase section */
		84997BA72897BA7F0037FA31 /* Resources */ = {
			isa = PBXResourcesBuildPhase;
			buildActionMask = 2147483647;
			files = (
				84997BBD2897BC1B0037FA31 /* chimeup.mp3 in Resources */,
				84997BB42897BA820037FA31 /* Preview Assets.xcassets in Resources */,
				84997BBC2897BC1B0037FA31 /* success.m4a in Resources */,
				84997BB12897BA820037FA31 /* Assets.xcassets in Resources */,
			);
			runOnlyForDeploymentPostprocessing = 0;
		};
/* End PBXResourcesBuildPhase section */

/* Begin PBXSourcesBuildPhase section */
		84997BA52897BA7F0037FA31 /* Sources */ = {
			isa = PBXSourcesBuildPhase;
			buildActionMask = 2147483647;
			files = (
				84997BC8289802340037FA31 /* CircleGroupView.swift in Sources */,
				84997BC42897BFDA0037FA31 /* OnBoardingView.swift in Sources */,
				84997BC62897BFEF0037FA31 /* HomeView.swift in Sources */,
				84997BAF2897BA7F0037FA31 /* ContentView.swift in Sources */,
				84997BAD2897BA7F0037FA31 /* RestartApp_SwiftUIApp.swift in Sources */,
				841E6D0828982B6800A47C76 /* AudioPlayer.swift in Sources */,
			);
			runOnlyForDeploymentPostprocessing = 0;
		};
/* End PBXSourcesBuildPhase section */

/* Begin XCBuildConfiguration section */
		84997BB52897BA820037FA31 /* Debug */ = {
			isa = XCBuildConfiguration;
			buildSettings = {
				ALWAYS_SEARCH_USER_PATHS = NO;
				CLANG_ANALYZER_NONNULL = YES;
				CLANG_ANALYZER_NUMBER_OBJECT_CONVERSION = YES_AGGRESSIVE;
				CLANG_CXX_LANGUAGE_STANDARD = "gnu++17";
				CLANG_ENABLE_MODULES = YES;
				CLANG_ENABLE_OBJC_ARC = YES;
				CLANG_ENABLE_OBJC_WEAK = YES;
				CLANG_WARN_BLOCK_CAPTURE_AUTORELEASING = YES;
				CLANG_WARN_BOOL_CONVERSION = YES;
				CLANG_WARN_COMMA = YES;
				CLANG_WARN_CONSTANT_CONVERSION = YES;
				CLANG_WARN_DEPRECATED_OBJC_IMPLEMENTATIONS = YES;
				CLANG_WARN_DIRECT_OBJC_ISA_USAGE = YES_ERROR;
				CLANG_WARN_DOCUMENTATION_COMMENTS = YES;
				CLANG_WARN_EMPTY_BODY = YES;
				CLANG_WARN_ENUM_CONVERSION = YES;
				CLANG_WARN_INFINITE_RECURSION = YES;
				CLANG_WARN_INT_CONVERSION = YES;
				CLANG_WARN_NON_LITERAL_NULL_CONVERSION = YES;
				CLANG_WARN_OBJC_IMPLICIT_RETAIN_SELF = YES;
				CLANG_WARN_OBJC_LITERAL_CONVERSION = YES;
				CLANG_WARN_OBJC_ROOT_CLASS = YES_ERROR;
				CLANG_WARN_QUOTED_INCLUDE_IN_FRAMEWORK_HEADER = YES;
				CLANG_WARN_RANGE_LOOP_ANALYSIS = YES;
				CLANG_WARN_STRICT_PROTOTYPES = YES;
				CLANG_WARN_SUSPICIOUS_MOVE = YES;
				CLANG_WARN_UNGUARDED_AVAILABILITY = YES_AGGRESSIVE;
				CLANG_WARN_UNREACHABLE_CODE = YES;
				CLANG_WARN__DUPLICATE_METHOD_MATCH = YES;
				COPY_PHASE_STRIP = NO;
				DEBUG_INFORMATION_FORMAT = dwarf;
				ENABLE_STRICT_OBJC_MSGSEND = YES;
				ENABLE_TESTABILITY = YES;
				GCC_C_LANGUAGE_STANDARD = gnu11;
				GCC_DYNAMIC_NO_PIC = NO;
				GCC_NO_COMMON_BLOCKS = YES;
				GCC_OPTIMIZATION_LEVEL = 0;
				GCC_PREPROCESSOR_DEFINITIONS = (
					"DEBUG=1",
					"$(inherited)",
				);
				GCC_WARN_64_TO_32_BIT_CONVERSION = YES;
				GCC_WARN_ABOUT_RETURN_TYPE = YES_ERROR;
				GCC_WARN_UNDECLARED_SELECTOR = YES;
				GCC_WARN_UNINITIALIZED_AUTOS = YES_AGGRESSIVE;
				GCC_WARN_UNUSED_FUNCTION = YES;
				GCC_WARN_UNUSED_VARIABLE = YES;
				IPHONEOS_DEPLOYMENT_TARGET = 15.5;
				MTL_ENABLE_DEBUG_INFO = INCLUDE_SOURCE;
				MTL_FAST_MATH = YES;
				ONLY_ACTIVE_ARCH = YES;
				SDKROOT = iphoneos;
				SWIFT_ACTIVE_COMPILATION_CONDITIONS = DEBUG;
				SWIFT_OPTIMIZATION_LEVEL = "-Onone";
			};
			name = Debug;
		};
		84997BB62897BA820037FA31 /* Release */ = {
			isa = XCBuildConfiguration;
			buildSettings = {
				ALWAYS_SEARCH_USER_PATHS = NO;
				CLANG_ANALYZER_NONNULL = YES;
				CLANG_ANALYZER_NUMBER_OBJECT_CONVERSION = YES_AGGRESSIVE;
				CLANG_CXX_LANGUAGE_STANDARD = "gnu++17";
				CLANG_ENABLE_MODULES = YES;
				CLANG_ENABLE_OBJC_ARC = YES;
				CLANG_ENABLE_OBJC_WEAK = YES;
				CLANG_WARN_BLOCK_CAPTURE_AUTORELEASING = YES;
				CLANG_WARN_BOOL_CONVERSION = YES;
				CLANG_WARN_COMMA = YES;
				CLANG_WARN_CONSTANT_CONVERSION = YES;
				CLANG_WARN_DEPRECATED_OBJC_IMPLEMENTATIONS = YES;
				CLANG_WARN_DIRECT_OBJC_ISA_USAGE = YES_ERROR;
				CLANG_WARN_DOCUMENTATION_COMMENTS = YES;
				CLANG_WARN_EMPTY_BODY = YES;
				CLANG_WARN_ENUM_CONVERSION = YES;
				CLANG_WARN_INFINITE_RECURSION = YES;
				CLANG_WARN_INT_CONVERSION = YES;
				CLANG_WARN_NON_LITERAL_NULL_CONVERSION = YES;
				CLANG_WARN_OBJC_IMPLICIT_RETAIN_SELF = YES;
				CLANG_WARN_OBJC_LITERAL_CONVERSION = YES;
				CLANG_WARN_OBJC_ROOT_CLASS = YES_ERROR;
				CLANG_WARN_QUOTED_INCLUDE_IN_FRAMEWORK_HEADER = YES;
				CLANG_WARN_RANGE_LOOP_ANALYSIS = YES;
				CLANG_WARN_STRICT_PROTOTYPES = YES;
				CLANG_WARN_SUSPICIOUS_MOVE = YES;
				CLANG_WARN_UNGUARDED_AVAILABILITY = YES_AGGRESSIVE;
				CLANG_WARN_UNREACHABLE_CODE = YES;
				CLANG_WARN__DUPLICATE_METHOD_MATCH = YES;
				COPY_PHASE_STRIP = NO;
				DEBUG_INFORMATION_FORMAT = "dwarf-with-dsym";
				ENABLE_NS_ASSERTIONS = NO;
				ENABLE_STRICT_OBJC_MSGSEND = YES;
				GCC_C_LANGUAGE_STANDARD = gnu11;
				GCC_NO_COMMON_BLOCKS = YES;
				GCC_WARN_64_TO_32_BIT_CONVERSION = YES;
				GCC_WARN_ABOUT_RETURN_TYPE = YES_ERROR;
				GCC_WARN_UNDECLARED_SELECTOR = YES;
				GCC_WARN_UNINITIALIZED_AUTOS = YES_AGGRESSIVE;
				GCC_WARN_UNUSED_FUNCTION = YES;
				GCC_WARN_UNUSED_VARIABLE = YES;
				IPHONEOS_DEPLOYMENT_TARGET = 15.5;
				MTL_ENABLE_DEBUG_INFO = NO;
				MTL_FAST_MATH = YES;
				SDKROOT = iphoneos;
				SWIFT_COMPILATION_MODE = wholemodule;
				SWIFT_OPTIMIZATION_LEVEL = "-O";
				VALIDATE_PRODUCT = YES;
			};
			name = Release;
		};
		84997BB82897BA820037FA31 /* Debug */ = {
			isa = XCBuildConfiguration;
			buildSettings = {
				ASSETCATALOG_COMPILER_APPICON_NAME = AppIcon;
				ASSETCATALOG_COMPILER_GLOBAL_ACCENT_COLOR_NAME = AccentColor;
				CODE_SIGN_STYLE = Automatic;
				CURRENT_PROJECT_VERSION = 1;
				DEVELOPMENT_ASSET_PATHS = "\"RestartApp-SwiftUI/Preview Content\"";
				ENABLE_PREVIEWS = YES;
				GENERATE_INFOPLIST_FILE = YES;
				INFOPLIST_FILE = "RestartApp-SwiftUI/Info.plist";
				INFOPLIST_KEY_UIApplicationSceneManifest_Generation = YES;
				INFOPLIST_KEY_UIApplicationSupportsIndirectInputEvents = YES;
				INFOPLIST_KEY_UISupportedInterfaceOrientations = UIInterfaceOrientationPortrait;
				INFOPLIST_KEY_UISupportedInterfaceOrientations_iPad = "UIInterfaceOrientationPortrait UIInterfaceOrientationPortraitUpsideDown UIInterfaceOrientationLandscapeLeft UIInterfaceOrientationLandscapeRight";
				INFOPLIST_KEY_UISupportedInterfaceOrientations_iPhone = UIInterfaceOrientationPortrait;
				LD_RUNPATH_SEARCH_PATHS = (
					"$(inherited)",
					"@executable_path/Frameworks",
				);
				MARKETING_VERSION = 1.0;
				PRODUCT_BUNDLE_IDENTIFIER = "aapna.RestartApp-SwiftUI";
				PRODUCT_NAME = "$(TARGET_NAME)";
				SWIFT_EMIT_LOC_STRINGS = YES;
				SWIFT_VERSION = 5.0;
				TARGETED_DEVICE_FAMILY = "1,2";
			};
			name = Debug;
		};
		84997BB92897BA820037FA31 /* Release */ = {
			isa = XCBuildConfiguration;
			buildSettings = {
				ASSETCATALOG_COMPILER_APPICON_NAME = AppIcon;
				ASSETCATALOG_COMPILER_GLOBAL_ACCENT_COLOR_NAME = AccentColor;
				CODE_SIGN_STYLE = Automatic;
				CURRENT_PROJECT_VERSION = 1;
				DEVELOPMENT_ASSET_PATHS = "\"RestartApp-SwiftUI/Preview Content\"";
				ENABLE_PREVIEWS = YES;
				GENERATE_INFOPLIST_FILE = YES;
				INFOPLIST_FILE = "RestartApp-SwiftUI/Info.plist";
				INFOPLIST_KEY_UIApplicationSceneManifest_Generation = YES;
				INFOPLIST_KEY_UIApplicationSupportsIndirectInputEvents = YES;
				INFOPLIST_KEY_UISupportedInterfaceOrientations = UIInterfaceOrientationPortrait;
				INFOPLIST_KEY_UISupportedInterfaceOrientations_iPad = "UIInterfaceOrientationPortrait UIInterfaceOrientationPortraitUpsideDown UIInterfaceOrientationLandscapeLeft UIInterfaceOrientationLandscapeRight";
				INFOPLIST_KEY_UISupportedInterfaceOrientations_iPhone = UIInterfaceOrientationPortrait;
				LD_RUNPATH_SEARCH_PATHS = (
					"$(inherited)",
					"@executable_path/Frameworks",
				);
				MARKETING_VERSION = 1.0;
				PRODUCT_BUNDLE_IDENTIFIER = "aapna.RestartApp-SwiftUI";
				PRODUCT_NAME = "$(TARGET_NAME)";
				SWIFT_EMIT_LOC_STRINGS = YES;
				SWIFT_VERSION = 5.0;
				TARGETED_DEVICE_FAMILY = "1,2";
			};
			name = Release;
		};
/* End XCBuildConfiguration section */

/* Begin XCConfigurationList section */
		84997BA42897BA7F0037FA31 /* Build configuration list for PBXProject "RestartApp-SwiftUI" */ = {
			isa = XCConfigurationList;
			buildConfigurations = (
				84997BB52897BA820037FA31 /* Debug */,
				84997BB62897BA820037FA31 /* Release */,
			);
			defaultConfigurationIsVisible = 0;
			defaultConfigurationName = Release;
		};
		84997BB72897BA820037FA31 /* Build configuration list for PBXNativeTarget "RestartApp-SwiftUI" */ = {
			isa = XCConfigurationList;
			buildConfigurations = (
				84997BB82897BA820037FA31 /* Debug */,
				84997BB92897BA820037FA31 /* Release */,
			);
			defaultConfigurationIsVisible = 0;
			defaultConfigurationName = Release;
		};
/* End XCConfigurationList section */
	};
	rootObject = 84997BA12897BA7E0037FA31 /* Project object */;
}
